schema: '2.0'
stages:
  prepare:
    cmd: python src/prepare_house.py --params params.yaml
    deps:
    - path: data/house_price_pakistan.csv
      hash: md5
      md5: 862ce971c086da8903e8ecc7c8a52c92
      size: 49522076
    - path: src/prepare_house.py
      hash: md5
      md5: aa60aacc5c19a653a905ff0540d78b4d
      size: 1882
    params:
      params.yaml:
        prepare:
          input_file: data/house_price_pakistan.csv
          output_file: data/cleaned_house_data.csv
          random_seed: 42
          numeric_features:
          - bedrooms
          - baths
          - latitude
          - longitude
          - Area Size
          categorical_features:
          - property_type
          - city
          - province_name
          - Area Type
          target: price
    outs:
    - path: data/cleaned_house_data.csv
      hash: md5
      md5: a8950464e2c864148fbab9fc622f8ca5
      size: 8142541
  features:
    cmd: python src/features_house.py --params params.yaml
    deps:
    - path: data/cleaned_house_data.csv
      hash: md5
      md5: a8950464e2c864148fbab9fc622f8ca5
      size: 8142541
    - path: src/features_house.py
      hash: md5
      md5: 60d4fa1e18abca1d89434c48ebb66824
      size: 2470
    params:
      params.yaml:
        features:
          test_size: 0.2
          random_state: 42
        prepare:
          input_file: data/house_price_pakistan.csv
          output_file: data/cleaned_house_data.csv
          random_seed: 42
          numeric_features:
          - bedrooms
          - baths
          - latitude
          - longitude
          - Area Size
          categorical_features:
          - property_type
          - city
          - province_name
          - Area Type
          target: price
    outs:
    - path: data/X_test.npy
      hash: md5
      md5: 7ce2b2d3c006937a898a93fcbafa41b4
      size: 1699904
    - path: data/X_train.npy
      hash: md5
      md5: b47219806b824ea2b342ba7a4dcbef39
      size: 6799160
    - path: data/y_test.npy
      hash: md5
      md5: d316dbbec3ffb010f22e07ce944d1b4b
      size: 188992
    - path: data/y_train.npy
      hash: md5
      md5: 7f5e8dbb17b98329937a597d8dc576b0
      size: 755576
    - path: models/feature_field_map.pkl
      hash: md5
      md5: 410b51f015b25d6921f2315b4f31a9bb
      size: 226
    - path: models/label_encoders.pkl
      hash: md5
      md5: 79a9a7817240e7bec35f0624ee380c86
      size: 1344
    - path: models/model_features.pkl
      hash: md5
      md5: c43612351d5c179052871ad9682224a6
      size: 121
  train:
    cmd: python src/train_house.py --params params.yaml
    deps:
    - path: data/X_train.npy
      hash: md5
      md5: b47219806b824ea2b342ba7a4dcbef39
      size: 6799160
    - path: data/y_train.npy
      hash: md5
      md5: 7f5e8dbb17b98329937a597d8dc576b0
      size: 755576
    - path: models/model_features.pkl
      hash: md5
      md5: c43612351d5c179052871ad9682224a6
      size: 121
    - path: src/train_house.py
      hash: md5
      md5: 6c497057cd30dcd12ff5f0840e46c730
      size: 1799
    params:
      params.yaml:
        train:
          model_type: RandomForestRegressor
          n_estimators: 100
          max_depth: 20
          min_samples_split: 5
          min_samples_leaf: 2
          random_state: 42
          n_jobs: -1
    outs:
    - path: models/house_price_model.pkl
      hash: md5
      md5: 56d0f617923e31fa62ab0c2761fb691c
      size: 145285729
  evaluate:
    cmd: python src/evaluate_house.py --params params.yaml
    deps:
    - path: data/X_test.npy
      hash: md5
      md5: 7ce2b2d3c006937a898a93fcbafa41b4
      size: 1699904
    - path: data/y_test.npy
      hash: md5
      md5: d316dbbec3ffb010f22e07ce944d1b4b
      size: 188992
    - path: models/house_price_model.pkl
      hash: md5
      md5: 56d0f617923e31fa62ab0c2761fb691c
      size: 145285729
    - path: src/evaluate_house.py
      hash: md5
      md5: c60af79b9eb864125c6dd134c50d547e
      size: 2218
    params:
      params.yaml:
        evaluate:
          metrics:
          - r2_score
          - mean_absolute_error
          - mean_squared_error
          - root_mean_squared_error
    outs:
    - path: metrics/eval.json
      hash: md5
      md5: 09cc4023180f88f5b10b80f6d2090613
      size: 177
